
Microsoft Visual Studio Solution File, Format Version 12.00
# Visual Studio Version 16
VisualStudioVersion = 16.0.30204.135
MinimumVisualStudioVersion = 10.0.40219.1
Project("{FAE04EC0-301F-11D3-BF4B-00C04F79EFBC}") = "AbstractFactory", "AbstractFactory\AbstractFactory.csproj", "{6F85B2ED-5E95-4DC8-A80C-FDBF64306E57}"
EndProject
Project("{FAE04EC0-301F-11D3-BF4B-00C04F79EFBC}") = "FactoryMethod", "..\FactoryMethod\FactoryMethod.csproj", "{FAFB2EC8-7A17-4DAB-9B47-53F21AB616AB}"
EndProject
Project("{FAE04EC0-301F-11D3-BF4B-00C04F79EFBC}") = "Singleton", "..\Singleton\Singleton\Singleton.csproj", "{FD2A45CD-A697-457F-834F-5A399FE9A85E}"
EndProject
Project("{FAE04EC0-301F-11D3-BF4B-00C04F79EFBC}") = "Strategy", "..\Strategy\Strategy.csproj", "{2C5D75E8-530B-457E-B101-5F059CF457D7}"
EndProject
Project("{FAE04EC0-301F-11D3-BF4B-00C04F79EFBC}") = "Navigator", "..\Navigator\Navigator.csproj", "{9FA87BBC-E1A3-49B0-BF00-C41CBB8327D0}"
EndProject
Project("{FAE04EC0-301F-11D3-BF4B-00C04F79EFBC}") = "TemplateMethod", "..\TemplateMethod\TemplateMethod.csproj", "{51BE0BA7-643F-43BA-B7C4-1033030209DD}"
EndProject
Project("{FAE04EC0-301F-11D3-BF4B-00C04F79EFBC}") = "HaircutTamplate", "..\HaircutTamplate\HaircutTamplate.csproj", "{BD6AD841-3C09-4105-839C-A3A9E7437B87}"
EndProject
Global
	GlobalSection(SolutionConfigurationPlatforms) = preSolution
		Debug|Any CPU = Debug|Any CPU
		Release|Any CPU = Release|Any CPU
	EndGlobalSection
	GlobalSection(ProjectConfigurationPlatforms) = postSolution
		{6F85B2ED-5E95-4DC8-A80C-FDBF64306E57}.Debug|Any CPU.ActiveCfg = Debug|Any CPU
		{6F85B2ED-5E95-4DC8-A80C-FDBF64306E57}.Debug|Any CPU.Build.0 = Debug|Any CPU
		{6F85B2ED-5E95-4DC8-A80C-FDBF64306E57}.Release|Any CPU.ActiveCfg = Release|Any CPU
		{6F85B2ED-5E95-4DC8-A80C-FDBF64306E57}.Release|Any CPU.Build.0 = Release|Any CPU
		{FAFB2EC8-7A17-4DAB-9B47-53F21AB616AB}.Debug|Any CPU.ActiveCfg = Debug|Any CPU
		{FAFB2EC8-7A17-4DAB-9B47-53F21AB616AB}.Debug|Any CPU.Build.0 = Debug|Any CPU
		{FAFB2EC8-7A17-4DAB-9B47-53F21AB616AB}.Release|Any CPU.ActiveCfg = Release|Any CPU
		{FAFB2EC8-7A17-4DAB-9B47-53F21AB616AB}.Release|Any CPU.Build.0 = Release|Any CPU
		{FD2A45CD-A697-457F-834F-5A399FE9A85E}.Debug|Any CPU.ActiveCfg = Debug|Any CPU
		{FD2A45CD-A697-457F-834F-5A399FE9A85E}.Debug|Any CPU.Build.0 = Debug|Any CPU
		{FD2A45CD-A697-457F-834F-5A399FE9A85E}.Release|Any CPU.ActiveCfg = Release|Any CPU
		{FD2A45CD-A697-457F-834F-5A399FE9A85E}.Release|Any CPU.Build.0 = Release|Any CPU
		{2C5D75E8-530B-457E-B101-5F059CF457D7}.Debug|Any CPU.ActiveCfg = Debug|Any CPU
		{2C5D75E8-530B-457E-B101-5F059CF457D7}.Debug|Any CPU.Build.0 = Debug|Any CPU
		{2C5D75E8-530B-457E-B101-5F059CF457D7}.Release|Any CPU.ActiveCfg = Release|Any CPU
		{2C5D75E8-530B-457E-B101-5F059CF457D7}.Release|Any CPU.Build.0 = Release|Any CPU
		{9FA87BBC-E1A3-49B0-BF00-C41CBB8327D0}.Debug|Any CPU.ActiveCfg = Debug|Any CPU
		{9FA87BBC-E1A3-49B0-BF00-C41CBB8327D0}.Debug|Any CPU.Build.0 = Debug|Any CPU
		{9FA87BBC-E1A3-49B0-BF00-C41CBB8327D0}.Release|Any CPU.ActiveCfg = Release|Any CPU
		{9FA87BBC-E1A3-49B0-BF00-C41CBB8327D0}.Release|Any CPU.Build.0 = Release|Any CPU
		{51BE0BA7-643F-43BA-B7C4-1033030209DD}.Debug|Any CPU.ActiveCfg = Debug|Any CPU
		{51BE0BA7-643F-43BA-B7C4-1033030209DD}.Debug|Any CPU.Build.0 = Debug|Any CPU
		{51BE0BA7-643F-43BA-B7C4-1033030209DD}.Release|Any CPU.ActiveCfg = Release|Any CPU
		{51BE0BA7-643F-43BA-B7C4-1033030209DD}.Release|Any CPU.Build.0 = Release|Any CPU
		{BD6AD841-3C09-4105-839C-A3A9E7437B87}.Debug|Any CPU.ActiveCfg = Debug|Any CPU
		{BD6AD841-3C09-4105-839C-A3A9E7437B87}.Debug|Any CPU.Build.0 = Debug|Any CPU
		{BD6AD841-3C09-4105-839C-A3A9E7437B87}.Release|Any CPU.ActiveCfg = Release|Any CPU
		{BD6AD841-3C09-4105-839C-A3A9E7437B87}.Release|Any CPU.Build.0 = Release|Any CPU
	EndGlobalSection
	GlobalSection(SolutionProperties) = preSolution
		HideSolutionNode = FALSE
	EndGlobalSection
	GlobalSection(ExtensibilityGlobals) = postSolution
		SolutionGuid = {4E62D520-0EC3-4B3D-A924-7BD4EDD6AA0B}
	EndGlobalSection
EndGlobal
